
Microsoft Visual Studio Solution File, Format Version 12.00
# Visual Studio 15
VisualStudioVersion = 15.0.27130.2036
MinimumVisualStudioVersion = 10.0.40219.1
Project("{FAE04EC0-301F-11D3-BF4B-00C04F79EFBC}") = "GPLexTutorial", "GPLexTutorial\GPLexTutorial.csproj", "{DD54620A-D5E5-4855-B5E3-417CDE8AE8F8}"
EndProject
Global
	GlobalSection(SolutionConfigurationPlatforms) = preSolution
		Debug|Any CPU = Debug|Any CPU
		Release|Any CPU = Release|Any CPU
	EndGlobalSection
	GlobalSection(ProjectConfigurationPlatforms) = postSolution
		{DD54620A-D5E5-4855-B5E3-417CDE8AE8F8}.Debug|Any CPU.ActiveCfg = Debug|Any CPU
		{DD54620A-D5E5-4855-B5E3-417CDE8AE8F8}.Debug|Any CPU.Build.0 = Debug|Any CPU
		{DD54620A-D5E5-4855-B5E3-417CDE8AE8F8}.Release|Any CPU.ActiveCfg = Release|Any CPU
		{DD54620A-D5E5-4855-B5E3-417CDE8AE8F8}.Release|Any CPU.Build.0 = Release|Any CPU
	EndGlobalSection
	GlobalSection(SolutionProperties) = preSolution
		HideSolutionNode = FALSE
	EndGlobalSection
	GlobalSection(ExtensibilityGlobals) = postSolution
		SolutionGuid = {C8DBB2E7-CC78-4555-B34B-68C0E95674F7}
	EndGlobalSection
EndGlobal
